
Microsoft Visual Studio Solution File, Format Version 12.00
# Visual Studio Version 17
VisualStudioVersion = 17.0.32112.339
MinimumVisualStudioVersion = 10.0.40219.1
Project("{2150E333-8FDC-42A3-9474-1A3956D46DE8}") = "Source", "Source", "{10574082-5006-4C1F-B797-39BCE95F90B6}"
EndProject
Project("{2150E333-8FDC-42A3-9474-1A3956D46DE8}") = "Core", "Core", "{807C04D2-7E02-445B-A7C7-705F4EA197DF}"
EndProject
Project("{9A19103F-16F7-4668-BE54-9A1E7A4F7556}") = "ECommerce.Application", "Source\Core\ECommerce.Application\ECommerce.Application.csproj", "{E611BB25-3AA8-4687-9790-600F18AE7CC6}"
EndProject
Project("{9A19103F-16F7-4668-BE54-9A1E7A4F7556}") = "ECommerce.Domain", "Source\Core\ECommerce.Domain\ECommerce.Domain.csproj", "{558068C0-66DE-4D0F-826C-AEF7B595B017}"
EndProject
Project("{2150E333-8FDC-42A3-9474-1A3956D46DE8}") = "Infrastructure", "Infrastructure", "{827A56B4-ED67-4102-B181-C4729C71CCFF}"
EndProject
Project("{9A19103F-16F7-4668-BE54-9A1E7A4F7556}") = "ECommerce.Infrastructure", "Source\Infrastructure\ECommerce.Infrastructure\ECommerce.Infrastructure.csproj", "{A538D9A7-F2F2-42B5-AD7B-721C5BC98158}"
EndProject
Project("{2150E333-8FDC-42A3-9474-1A3956D46DE8}") = "Presentation", "Presentation", "{C71ED8A3-880C-4216-8E68-9AE6051EADD6}"
EndProject
Project("{9A19103F-16F7-4668-BE54-9A1E7A4F7556}") = "ECommerce.Persistence", "Source\Infrastructure\ECommerce.Persistence\ECommerce.Persistence.csproj", "{C07BA931-6921-43F9-9DE6-4B59CD41A8B8}"
EndProject
Project("{9A19103F-16F7-4668-BE54-9A1E7A4F7556}") = "Api", "Source\Presentation\Api\Api.csproj", "{DD677FFB-1F4C-4FFD-9891-33C821146E3E}"
EndProject
Project("{FAE04EC0-301F-11D3-BF4B-00C04F79EFBC}") = "ECommerce.SignalR", "Source\Infrastructure\ECommerce.SignalR\ECommerce.SignalR\ECommerce.SignalR.csproj", "{4963F5F7-6818-4530-B1DD-2E5E31826D2C}"
EndProject
Global
	GlobalSection(SolutionConfigurationPlatforms) = preSolution
		Debug|Any CPU = Debug|Any CPU
		Release|Any CPU = Release|Any CPU
	EndGlobalSection
	GlobalSection(ProjectConfigurationPlatforms) = postSolution
		{E611BB25-3AA8-4687-9790-600F18AE7CC6}.Debug|Any CPU.ActiveCfg = Debug|Any CPU
		{E611BB25-3AA8-4687-9790-600F18AE7CC6}.Debug|Any CPU.Build.0 = Debug|Any CPU
		{E611BB25-3AA8-4687-9790-600F18AE7CC6}.Release|Any CPU.ActiveCfg = Release|Any CPU
		{E611BB25-3AA8-4687-9790-600F18AE7CC6}.Release|Any CPU.Build.0 = Release|Any CPU
		{558068C0-66DE-4D0F-826C-AEF7B595B017}.Debug|Any CPU.ActiveCfg = Debug|Any CPU
		{558068C0-66DE-4D0F-826C-AEF7B595B017}.Debug|Any CPU.Build.0 = Debug|Any CPU
		{558068C0-66DE-4D0F-826C-AEF7B595B017}.Release|Any CPU.ActiveCfg = Release|Any CPU
		{558068C0-66DE-4D0F-826C-AEF7B595B017}.Release|Any CPU.Build.0 = Release|Any CPU
		{A538D9A7-F2F2-42B5-AD7B-721C5BC98158}.Debug|Any CPU.ActiveCfg = Debug|Any CPU
		{A538D9A7-F2F2-42B5-AD7B-721C5BC98158}.Debug|Any CPU.Build.0 = Debug|Any CPU
		{A538D9A7-F2F2-42B5-AD7B-721C5BC98158}.Release|Any CPU.ActiveCfg = Release|Any CPU
		{A538D9A7-F2F2-42B5-AD7B-721C5BC98158}.Release|Any CPU.Build.0 = Release|Any CPU
		{C07BA931-6921-43F9-9DE6-4B59CD41A8B8}.Debug|Any CPU.ActiveCfg = Debug|Any CPU
		{C07BA931-6921-43F9-9DE6-4B59CD41A8B8}.Debug|Any CPU.Build.0 = Debug|Any CPU
		{C07BA931-6921-43F9-9DE6-4B59CD41A8B8}.Release|Any CPU.ActiveCfg = Release|Any CPU
		{C07BA931-6921-43F9-9DE6-4B59CD41A8B8}.Release|Any CPU.Build.0 = Release|Any CPU
		{DD677FFB-1F4C-4FFD-9891-33C821146E3E}.Debug|Any CPU.ActiveCfg = Debug|Any CPU
		{DD677FFB-1F4C-4FFD-9891-33C821146E3E}.Debug|Any CPU.Build.0 = Debug|Any CPU
		{DD677FFB-1F4C-4FFD-9891-33C821146E3E}.Release|Any CPU.ActiveCfg = Release|Any CPU
		{DD677FFB-1F4C-4FFD-9891-33C821146E3E}.Release|Any CPU.Build.0 = Release|Any CPU
		{4963F5F7-6818-4530-B1DD-2E5E31826D2C}.Debug|Any CPU.ActiveCfg = Debug|Any CPU
		{4963F5F7-6818-4530-B1DD-2E5E31826D2C}.Debug|Any CPU.Build.0 = Debug|Any CPU
		{4963F5F7-6818-4530-B1DD-2E5E31826D2C}.Release|Any CPU.ActiveCfg = Release|Any CPU
		{4963F5F7-6818-4530-B1DD-2E5E31826D2C}.Release|Any CPU.Build.0 = Release|Any CPU
	EndGlobalSection
	GlobalSection(SolutionProperties) = preSolution
		HideSolutionNode = FALSE
	EndGlobalSection
	GlobalSection(NestedProjects) = preSolution
		{807C04D2-7E02-445B-A7C7-705F4EA197DF} = {10574082-5006-4C1F-B797-39BCE95F90B6}
		{E611BB25-3AA8-4687-9790-600F18AE7CC6} = {807C04D2-7E02-445B-A7C7-705F4EA197DF}
		{558068C0-66DE-4D0F-826C-AEF7B595B017} = {807C04D2-7E02-445B-A7C7-705F4EA197DF}
		{827A56B4-ED67-4102-B181-C4729C71CCFF} = {10574082-5006-4C1F-B797-39BCE95F90B6}
		{A538D9A7-F2F2-42B5-AD7B-721C5BC98158} = {827A56B4-ED67-4102-B181-C4729C71CCFF}
		{C71ED8A3-880C-4216-8E68-9AE6051EADD6} = {10574082-5006-4C1F-B797-39BCE95F90B6}
		{C07BA931-6921-43F9-9DE6-4B59CD41A8B8} = {827A56B4-ED67-4102-B181-C4729C71CCFF}
		{DD677FFB-1F4C-4FFD-9891-33C821146E3E} = {C71ED8A3-880C-4216-8E68-9AE6051EADD6}
		{4963F5F7-6818-4530-B1DD-2E5E31826D2C} = {827A56B4-ED67-4102-B181-C4729C71CCFF}
	EndGlobalSection
	GlobalSection(ExtensibilityGlobals) = postSolution
		SolutionGuid = {03BDA38A-C463-426F-AF80-B8348C1089F8}
	EndGlobalSection
EndGlobal
